{
  "name": "sample",
  "version": "1.0.0",
  "lockfileVersion": 1,
  "requires": true,
  "dependencies": {
    "bootstrap": {
      "version": "4.0.0",
      "resolved": "http://registry.npm.taobao.org/bootstrap/download/bootstrap-4.0.0.tgz",
      "integrity": "sha1-zrA4QsFF/MG5tOFdoqBWVrpoRpo="
    },
    "bootstrap-table": {
      "version": "1.13.4",
      "resolved": "https://registry.npmjs.org/bootstrap-table/-/bootstrap-table-1.13.4.tgz",
      "integrity": "sha512-033fnjYKgFZO98PL6E0JAqmwTJ2isoQxJBFU6BwEbIMmRZETk5iDoPGgV+7wORt4c+yABNWj8EnbFBWAHz5YPw=="
    },
    "es6-object-assign": {
      "version": "1.1.0",
      "resolved": "http://registry.npm.taobao.org/es6-object-assign/download/es6-object-assign-1.1.0.tgz",
      "integrity": "sha1-wsNYJlYkfDnqEHyx5mUrb58kUjw="
    },
    "flatpickr": {
      "version": "4.5.2",
      "resolved": "http://registry.npm.taobao.org/flatpickr/download/flatpickr-4.5.2.tgz",
      "integrity": "sha1-R8itRyoJbl+350uAmwcDU1OD8g0="
    },
    "jquery": {
      "version": "3.3.1",
      "resolved": "http://registry.npm.taobao.org/jquery/download/jquery-3.3.1.tgz",
      "integrity": "sha1-lYzinoHJeQ8xvneS311NlfxX+8o="
    },
    "lodash": {
      "version": "4.17.11",
      "resolved": "http://registry.npm.taobao.org/lodash/download/lodash-4.17.11.tgz",
      "integrity": "sha1-s56mIp72B+zYniyN8SU2iRysm40="
    },
    "popper.js": {
      "version": "1.12.9",
      "resolved": "http://registry.npm.taobao.org/popper.js/download/popper.js-1.12.9.tgz",
      "integrity": "sha1-DfvC3/lsRRuzMu3Pz6r1ZtMx1bM="
    },
    "promise-polyfill": {
      "version": "6.1.0",
      "resolved": "http://registry.npm.taobao.org/promise-polyfill/download/promise-polyfill-6.1.0.tgz",
      "integrity": "sha1-36lpQ+qcEh/KTem1hoyznTRy4Fc="
    },
    "requirejs": {
      "version": "2.3.6",
      "resolved": "http://registry.npm.taobao.org/requirejs/download/requirejs-2.3.6.tgz",
      "integrity": "sha1-5Qk9lgHCgpJRJYwLlEXU0Z+p58k="
    },
    "sweetalert": {
      "version": "2.1.2",
      "resolved": "http://registry.npm.taobao.org/sweetalert/download/sweetalert-2.1.2.tgz",
      "integrity": "sha1-AQuqqA0Nvchvlr/KqWtJByhZS3k=",
      "requires": {
        "es6-object-assign": "^1.1.0",
        "promise-polyfill": "^6.0.2"
      }
    }
  }
}
